{
    "name": "batch-replace",
    "version": "1.0.3",
    "lockfileVersion": 1,
    "requires": true,
    "dependencies": {
        "ansi-styles": {
            "version": "3.2.1",
            "resolved": "https://registry.nlark.com/ansi-styles/download/ansi-styles-3.2.1.tgz",
            "integrity": "sha1-QfuyAkPlCxK+DwS43tvwdSDOhB0=",
            "requires": {
                "color-convert": "^1.9.0"
            }
        },
        "argparse": {
            "version": "1.0.10",
            "resolved": "https://registry.npm.taobao.org/argparse/download/argparse-1.0.10.tgz?cache=0&sync_timestamp=1598649397806&other_urls=https%3A%2F%2Fregistry.npm.taobao.org%2Fargparse%2Fdownload%2Fargparse-1.0.10.tgz",
            "integrity": "sha1-vNZ5HqWuCXJeF+WtmIE0zUCz2RE=",
            "requires": {
                "sprintf-js": "~1.0.2"
            }
        },
        "azure-devops-node-api": {
            "version": "10.2.2",
            "resolved": "https://registry.nlark.com/azure-devops-node-api/download/azure-devops-node-api-10.2.2.tgz",
            "integrity": "sha1-n1V+Yi3Qe7qpvV5+hOF8dh4hUbI=",
            "requires": {
                "tunnel": "0.0.6",
                "typed-rest-client": "^1.8.4"
            }
        },
        "balanced-match": {
            "version": "1.0.2",
            "resolved": "https://registry.npm.taobao.org/balanced-match/download/balanced-match-1.0.2.tgz?cache=0&sync_timestamp=1617714233441&other_urls=https%3A%2F%2Fregistry.npm.taobao.org%2Fbalanced-match%2Fdownload%2Fbalanced-match-1.0.2.tgz",
            "integrity": "sha1-6D46fj8wCzTLnYf2FfoMvzV2kO4="
        },
        "boolbase": {
            "version": "1.0.0",
            "resolved": "https://registry.npm.taobao.org/boolbase/download/boolbase-1.0.0.tgz",
            "integrity": "sha1-aN/1++YMUes3cl6p4+0xDcwed24="
        },
        "brace-expansion": {
            "version": "1.1.11",
            "resolved": "https://registry.npm.taobao.org/brace-expansion/download/brace-expansion-1.1.11.tgz",
            "integrity": "sha1-PH/L9SnYcibz0vUrlm/1Jx60Qd0=",
            "requires": {
                "balanced-match": "^1.0.0",
                "concat-map": "0.0.1"
            }
        },
        "buffer-crc32": {
            "version": "0.2.13",
            "resolved": "https://registry.npm.taobao.org/buffer-crc32/download/buffer-crc32-0.2.13.tgz",
            "integrity": "sha1-DTM+PwDqxQqhRUq9MO+MKl2ackI="
        },
        "call-bind": {
            "version": "1.0.2",
            "resolved": "https://registry.npm.taobao.org/call-bind/download/call-bind-1.0.2.tgz?cache=0&sync_timestamp=1610403020286&other_urls=https%3A%2F%2Fregistry.npm.taobao.org%2Fcall-bind%2Fdownload%2Fcall-bind-1.0.2.tgz",
            "integrity": "sha1-sdTonmiBGcPJqQOtMKuy9qkZvjw=",
            "requires": {
                "function-bind": "^1.1.1",
                "get-intrinsic": "^1.0.2"
            }
        },
        "chalk": {
            "version": "2.4.2",
            "resolved": "https://registry.nlark.com/chalk/download/chalk-2.4.2.tgz?cache=0&sync_timestamp=1618995367379&other_urls=https%3A%2F%2Fregistry.nlark.com%2Fchalk%2Fdownload%2Fchalk-2.4.2.tgz",
            "integrity": "sha1-zUJUFnelQzPPVBpJEIwUMrRMlCQ=",
            "requires": {
                "ansi-styles": "^3.2.1",
                "escape-string-regexp": "^1.0.5",
                "supports-color": "^5.3.0"
            }
        },
        "cheerio": {
            "version": "1.0.0-rc.9",
            "resolved": "https://registry.nlark.com/cheerio/download/cheerio-1.0.0-rc.9.tgz?cache=0&sync_timestamp=1620316722234&other_urls=https%3A%2F%2Fregistry.nlark.com%2Fcheerio%2Fdownload%2Fcheerio-1.0.0-rc.9.tgz",
            "integrity": "sha1-o65rfOevgGdTAv+Db2KOfLeGpn8=",
            "requires": {
                "cheerio-select": "^1.4.0",
                "dom-serializer": "^1.3.1",
                "domhandler": "^4.2.0",
                "htmlparser2": "^6.1.0",
                "parse5": "^6.0.1",
                "parse5-htmlparser2-tree-adapter": "^6.0.1",
                "tslib": "^2.2.0"
            }
        },
        "cheerio-select": {
            "version": "1.4.0",
            "resolved": "https://registry.npm.taobao.org/cheerio-select/download/cheerio-select-1.4.0.tgz?cache=0&sync_timestamp=1618572651919&other_urls=https%3A%2F%2Fregistry.npm.taobao.org%2Fcheerio-select%2Fdownload%2Fcheerio-select-1.4.0.tgz",
            "integrity": "sha1-OhbyHjei7w8hHW0apO/wVLsizck=",
            "requires": {
                "css-select": "^4.1.2",
                "css-what": "^5.0.0",
                "domelementtype": "^2.2.0",
                "domhandler": "^4.2.0",
                "domutils": "^2.6.0"
            }
        },
        "color-convert": {
            "version": "1.9.3",
            "resolved": "https://registry.npm.taobao.org/color-convert/download/color-convert-1.9.3.tgz",
            "integrity": "sha1-u3GFBpDh8TZWfeYp0tVHHe2kweg=",
            "requires": {
                "color-name": "1.1.3"
            }
        },
        "color-name": {
            "version": "1.1.3",
            "resolved": "https://registry.npm.taobao.org/color-name/download/color-name-1.1.3.tgz",
            "integrity": "sha1-p9BVi9icQveV3UIyj3QIMcpTvCU="
        },
        "commander": {
            "version": "6.2.1",
            "resolved": "https://registry.nlark.com/commander/download/commander-6.2.1.tgz?cache=0&sync_timestamp=1622954303803&other_urls=https%3A%2F%2Fregistry.nlark.com%2Fcommander%2Fdownload%2Fcommander-6.2.1.tgz",
            "integrity": "sha1-B5LraC37wyWZm7K4T93duhEKxzw="
        },
        "concat-map": {
            "version": "0.0.1",
            "resolved": "https://registry.npm.taobao.org/concat-map/download/concat-map-0.0.1.tgz",
            "integrity": "sha1-2Klr13/Wjfd5OnMDajug1UBdR3s="
        },
        "css-select": {
            "version": "4.1.3",
            "resolved": "https://registry.nlark.com/css-select/download/css-select-4.1.3.tgz?cache=0&sync_timestamp=1622994276976&other_urls=https%3A%2F%2Fregistry.nlark.com%2Fcss-select%2Fdownload%2Fcss-select-4.1.3.tgz",
            "integrity": "sha1-pwRA9wMX8maRGK10/xBeZYSccGc=",
            "requires": {
                "boolbase": "^1.0.0",
                "css-what": "^5.0.0",
                "domhandler": "^4.2.0",
                "domutils": "^2.6.0",
                "nth-check": "^2.0.0"
            }
        },
        "css-what": {
            "version": "5.0.1",
            "resolved": "https://registry.nlark.com/css-what/download/css-what-5.0.1.tgz?cache=0&sync_timestamp=1622227760882&other_urls=https%3A%2F%2Fregistry.nlark.com%2Fcss-what%2Fdownload%2Fcss-what-5.0.1.tgz",
            "integrity": "sha1-PvqCATH0ZpqKwkCPnDLnx96fTK0="
        },
        "denodeify": {
            "version": "1.2.1",
            "resolved": "https://registry.npm.taobao.org/denodeify/download/denodeify-1.2.1.tgz",
            "integrity": "sha1-OjYof1A05pnnV3kBBSwubJQlFjE="
        },
        "dom-serializer": {
            "version": "1.3.2",
            "resolved": "https://registry.nlark.com/dom-serializer/download/dom-serializer-1.3.2.tgz?cache=0&sync_timestamp=1621256918158&other_urls=https%3A%2F%2Fregistry.nlark.com%2Fdom-serializer%2Fdownload%2Fdom-serializer-1.3.2.tgz",
            "integrity": "sha1-YgZDfTLO767HFhgDIwx6ILwbTZE=",
            "requires": {
                "domelementtype": "^2.0.1",
                "domhandler": "^4.2.0",
                "entities": "^2.0.0"
            }
        },
        "domelementtype": {
            "version": "2.2.0",
            "resolved": "https://registry.npm.taobao.org/domelementtype/download/domelementtype-2.2.0.tgz?cache=0&sync_timestamp=1617298554829&other_urls=https%3A%2F%2Fregistry.npm.taobao.org%2Fdomelementtype%2Fdownload%2Fdomelementtype-2.2.0.tgz",
            "integrity": "sha1-mgtsJ4LtahxzI9QiZxg9+b2LHVc="
        },
        "domhandler": {
            "version": "4.2.0",
            "resolved": "https://registry.nlark.com/domhandler/download/domhandler-4.2.0.tgz",
            "integrity": "sha1-+XaKXwNL5gqJonwuTQ9066DYsFk=",
            "requires": {
                "domelementtype": "^2.2.0"
            }
        },
        "domutils": {
            "version": "2.7.0",
            "resolved": "https://registry.nlark.com/domutils/download/domutils-2.7.0.tgz?cache=0&other_urls=https%3A%2F%2Fregistry.nlark.com%2Fdomutils%2Fdownload%2Fdomutils-2.7.0.tgz",
            "integrity": "sha1-jrrwxB66/PVbC3LsMcVjI3EsVEI=",
            "requires": {
                "dom-serializer": "^1.0.1",
                "domelementtype": "^2.2.0",
                "domhandler": "^4.2.0"
            }
        },
        "entities": {
            "version": "2.2.0",
            "resolved": "https://registry.npm.taobao.org/entities/download/entities-2.2.0.tgz?cache=0&sync_timestamp=1611535711703&other_urls=https%3A%2F%2Fregistry.npm.taobao.org%2Fentities%2Fdownload%2Fentities-2.2.0.tgz",
            "integrity": "sha1-CY3JDruD2N/6CJ1VJWs1HTTE2lU="
        },
        "escape-string-regexp": {
            "version": "1.0.5",
            "resolved": "https://registry.npm.taobao.org/escape-string-regexp/download/escape-string-regexp-1.0.5.tgz?cache=0&sync_timestamp=1618677243201&other_urls=https%3A%2F%2Fregistry.npm.taobao.org%2Fescape-string-regexp%2Fdownload%2Fescape-string-regexp-1.0.5.tgz",
            "integrity": "sha1-G2HAViGQqN/2rjuyzwIAyhMLhtQ="
        },
        "fd-slicer": {
            "version": "1.1.0",
            "resolved": "https://registry.npm.taobao.org/fd-slicer/download/fd-slicer-1.1.0.tgz",
            "integrity": "sha1-JcfInLH5B3+IkbvmHY85Dq4lbx4=",
            "requires": {
                "pend": "~1.2.0"
            }
        },
        "fs.realpath": {
            "version": "1.0.0",
            "resolved": "https://registry.npm.taobao.org/fs.realpath/download/fs.realpath-1.0.0.tgz",
            "integrity": "sha1-FQStJSMVjKpA20onh8sBQRmU6k8="
        },
        "function-bind": {
            "version": "1.1.1",
            "resolved": "https://registry.npm.taobao.org/function-bind/download/function-bind-1.1.1.tgz",
            "integrity": "sha1-pWiZ0+o8m6uHS7l3O3xe3pL0iV0="
        },
        "get-intrinsic": {
            "version": "1.1.1",
            "resolved": "https://registry.npm.taobao.org/get-intrinsic/download/get-intrinsic-1.1.1.tgz?cache=0&sync_timestamp=1612364352840&other_urls=https%3A%2F%2Fregistry.npm.taobao.org%2Fget-intrinsic%2Fdownload%2Fget-intrinsic-1.1.1.tgz",
            "integrity": "sha1-FfWfN2+FXERpY5SPDSTNNje0q8Y=",
            "requires": {
                "function-bind": "^1.1.1",
                "has": "^1.0.3",
                "has-symbols": "^1.0.1"
            }
        },
        "glob": {
            "version": "7.1.7",
            "resolved": "https://registry.nlark.com/glob/download/glob-7.1.7.tgz?cache=0&sync_timestamp=1620337382269&other_urls=https%3A%2F%2Fregistry.nlark.com%2Fglob%2Fdownload%2Fglob-7.1.7.tgz",
            "integrity": "sha1-Oxk+kjPwHULQs/eClLvutBj5SpA=",
            "requires": {
                "fs.realpath": "^1.0.0",
                "inflight": "^1.0.4",
                "inherits": "2",
                "minimatch": "^3.0.4",
                "once": "^1.3.0",
                "path-is-absolute": "^1.0.0"
            }
        },
        "has": {
            "version": "1.0.3",
            "resolved": "https://registry.npm.taobao.org/has/download/has-1.0.3.tgz",
            "integrity": "sha1-ci18v8H2qoJB8W3YFOAR4fQeh5Y=",
            "requires": {
                "function-bind": "^1.1.1"
            }
        },
        "has-flag": {
            "version": "3.0.0",
            "resolved": "https://registry.npm.taobao.org/has-flag/download/has-flag-3.0.0.tgz",
            "integrity": "sha1-tdRU3CGZriJWmfNGfloH87lVuv0="
        },
        "has-symbols": {
            "version": "1.0.2",
            "resolved": "https://registry.npm.taobao.org/has-symbols/download/has-symbols-1.0.2.tgz?cache=0&sync_timestamp=1614443577352&other_urls=https%3A%2F%2Fregistry.npm.taobao.org%2Fhas-symbols%2Fdownload%2Fhas-symbols-1.0.2.tgz",
            "integrity": "sha1-Fl0wcMADCXUqEjakeTMeOsVvFCM="
        },
        "htmlparser2": {
            "version": "6.1.0",
            "resolved": "https://registry.nlark.com/htmlparser2/download/htmlparser2-6.1.0.tgz",
            "integrity": "sha1-xNditsM3GgXb5l6UrkOp+EX7j7c=",
            "requires": {
                "domelementtype": "^2.0.1",
                "domhandler": "^4.0.0",
                "domutils": "^2.5.2",
                "entities": "^2.0.0"
            }
        },
        "ignore": {
            "version": "5.1.8",
            "resolved": "https://registry.npm.taobao.org/ignore/download/ignore-5.1.8.tgz",
            "integrity": "sha1-8VCotQo0KJsz4i9YiavU2AFvDlc="
        },
        "inflight": {
            "version": "1.0.6",
            "resolved": "https://registry.npm.taobao.org/inflight/download/inflight-1.0.6.tgz",
            "integrity": "sha1-Sb1jMdfQLQwJvJEKEHW6gWW1bfk=",
            "requires": {
                "once": "^1.3.0",
                "wrappy": "1"
            }
        },
        "inherits": {
            "version": "2.0.4",
            "resolved": "https://registry.npm.taobao.org/inherits/download/inherits-2.0.4.tgz?cache=0&sync_timestamp=1606706255906&other_urls=https%3A%2F%2Fregistry.npm.taobao.org%2Finherits%2Fdownload%2Finherits-2.0.4.tgz",
            "integrity": "sha1-D6LGT5MpF8NDOg3tVTY6rjdBa3w="
        },
        "leven": {
            "version": "3.1.0",
            "resolved": "https://registry.npm.taobao.org/leven/download/leven-3.1.0.tgz",
            "integrity": "sha1-d4kd6DQGTMy6gq54QrtrFKE+1/I="
        },
        "linkify-it": {
            "version": "2.2.0",
            "resolved": "https://registry.npm.taobao.org/linkify-it/download/linkify-it-2.2.0.tgz",
            "integrity": "sha1-47VGl+eL+RXHCjis14/QngBYsc8=",
            "requires": {
                "uc.micro": "^1.0.1"
            }
        },
        "lodash": {
            "version": "4.17.21",
            "resolved": "https://registry.npm.taobao.org/lodash/download/lodash-4.17.21.tgz?cache=0&sync_timestamp=1613835860585&other_urls=https%3A%2F%2Fregistry.npm.taobao.org%2Flodash%2Fdownload%2Flodash-4.17.21.tgz",
            "integrity": "sha1-Z5WRxWTDv/quhFTPCz3zcMPWkRw="
        },
        "markdown-it": {
            "version": "10.0.0",
            "resolved": "https://registry.npm.taobao.org/markdown-it/download/markdown-it-10.0.0.tgz?cache=0&sync_timestamp=1618575147599&other_urls=https%3A%2F%2Fregistry.npm.taobao.org%2Fmarkdown-it%2Fdownload%2Fmarkdown-it-10.0.0.tgz",
            "integrity": "sha1-q/xk8UGxci1mNAIETkOSfx9QqNw=",
            "requires": {
                "argparse": "^1.0.7",
                "entities": "~2.0.0",
                "linkify-it": "^2.0.0",
                "mdurl": "^1.0.1",
                "uc.micro": "^1.0.5"
            },
            "dependencies": {
                "entities": {
                    "version": "2.0.3",
                    "resolved": "https://registry.npm.taobao.org/entities/download/entities-2.0.3.tgz?cache=0&sync_timestamp=1611535711703&other_urls=https%3A%2F%2Fregistry.npm.taobao.org%2Fentities%2Fdownload%2Fentities-2.0.3.tgz",
                    "integrity": "sha1-XEh+V0Krk8Fau12iJ1m4WQ7AO38="
                }
            }
        },
        "mdurl": {
            "version": "1.0.1",
            "resolved": "https://registry.nlark.com/mdurl/download/mdurl-1.0.1.tgz",
            "integrity": "sha1-/oWy7HWlkDfyrf7BAP1sYBdhFS4="
        },
        "mime": {
            "version": "1.6.0",
            "resolved": "https://registry.npm.taobao.org/mime/download/mime-1.6.0.tgz?cache=0&sync_timestamp=1613584754851&other_urls=https%3A%2F%2Fregistry.npm.taobao.org%2Fmime%2Fdownload%2Fmime-1.6.0.tgz",
            "integrity": "sha1-Ms2eXGRVO9WNGaVor0Uqz/BJgbE="
        },
        "minimatch": {
            "version": "3.0.4",
            "resolved": "https://registry.npm.taobao.org/minimatch/download/minimatch-3.0.4.tgz",
            "integrity": "sha1-UWbihkV/AzBgZL5Ul+jbsMPTIIM=",
            "requires": {
                "brace-expansion": "^1.1.7"
            }
        },
        "mute-stream": {
            "version": "0.0.8",
            "resolved": "https://registry.npm.taobao.org/mute-stream/download/mute-stream-0.0.8.tgz",
            "integrity": "sha1-FjDEKyJR/4HiooPelqVJfqkuXg0="
        },
        "nth-check": {
            "version": "2.0.0",
            "resolved": "https://registry.npm.taobao.org/nth-check/download/nth-check-2.0.0.tgz",
            "integrity": "sha1-G7T22scAcvwxPoyc0UF7UHTAoSU=",
            "requires": {
                "boolbase": "^1.0.0"
            }
        },
        "object-inspect": {
            "version": "1.10.3",
            "resolved": "https://registry.nlark.com/object-inspect/download/object-inspect-1.10.3.tgz?cache=0&sync_timestamp=1620446150016&other_urls=https%3A%2F%2Fregistry.nlark.com%2Fobject-inspect%2Fdownload%2Fobject-inspect-1.10.3.tgz",
            "integrity": "sha1-wqp9LQn1DJk3VwT3oK3yTFeC02k="
        },
        "once": {
            "version": "1.4.0",
            "resolved": "https://registry.npm.taobao.org/once/download/once-1.4.0.tgz",
            "integrity": "sha1-WDsap3WWHUsROsF9nFC6753Xa9E=",
            "requires": {
                "wrappy": "1"
            }
        },
        "os-homedir": {
            "version": "1.0.2",
            "resolved": "https://registry.npm.taobao.org/os-homedir/download/os-homedir-1.0.2.tgz",
            "integrity": "sha1-/7xJiDNuDoM94MFox+8VISGqf7M="
        },
        "os-tmpdir": {
            "version": "1.0.2",
            "resolved": "https://registry.npm.taobao.org/os-tmpdir/download/os-tmpdir-1.0.2.tgz",
            "integrity": "sha1-u+Z0BseaqFxc/sdm/lc0VV36EnQ="
        },
        "osenv": {
            "version": "0.1.5",
            "resolved": "https://registry.npm.taobao.org/osenv/download/osenv-0.1.5.tgz",
            "integrity": "sha1-hc36+uso6Gd/QW4odZK18/SepBA=",
            "requires": {
                "os-homedir": "^1.0.0",
                "os-tmpdir": "^1.0.0"
            }
        },
        "parse-semver": {
            "version": "1.1.1",
            "resolved": "https://registry.npm.taobao.org/parse-semver/download/parse-semver-1.1.1.tgz",
            "integrity": "sha1-mkr9bfBj3Egm+T+6SpnPIj9mbLg=",
            "requires": {
                "semver": "^5.1.0"
            }
        },
        "parse5": {
            "version": "6.0.1",
            "resolved": "https://registry.npm.taobao.org/parse5/download/parse5-6.0.1.tgz",
            "integrity": "sha1-4aHAhcVps9wIMhGE8Zo5zCf3wws="
        },
        "parse5-htmlparser2-tree-adapter": {
            "version": "6.0.1",
            "resolved": "https://registry.npm.taobao.org/parse5-htmlparser2-tree-adapter/download/parse5-htmlparser2-tree-adapter-6.0.1.tgz",
            "integrity": "sha1-LN+a2CMyEUA3DU2/XT6Sx8jdxuY=",
            "requires": {
                "parse5": "^6.0.1"
            }
        },
        "path-is-absolute": {
            "version": "1.0.1",
            "resolved": "https://registry.npm.taobao.org/path-is-absolute/download/path-is-absolute-1.0.1.tgz",
            "integrity": "sha1-F0uSaHNVNP+8es5r9TpanhtcX18="
        },
        "pend": {
            "version": "1.2.0",
            "resolved": "https://registry.npm.taobao.org/pend/download/pend-1.2.0.tgz",
            "integrity": "sha1-elfrVQpng/kRUzH89GY9XI4AelA="
        },
        "qs": {
            "version": "6.10.1",
            "resolved": "https://registry.npm.taobao.org/qs/download/qs-6.10.1.tgz?cache=0&sync_timestamp=1616385328325&other_urls=https%3A%2F%2Fregistry.npm.taobao.org%2Fqs%2Fdownload%2Fqs-6.10.1.tgz",
            "integrity": "sha1-STFIL6jWR6Wqt5nFJx0hM7mB+2o=",
            "requires": {
                "side-channel": "^1.0.4"
            }
        },
        "read": {
            "version": "1.0.7",
            "resolved": "https://registry.npm.taobao.org/read/download/read-1.0.7.tgz",
            "integrity": "sha1-s9oZvQUkMal2cdRKQmNK33ELQMQ=",
            "requires": {
                "mute-stream": "~0.0.4"
            }
        },
        "semver": {
            "version": "5.7.1",
            "resolved": "https://registry.npm.taobao.org/semver/download/semver-5.7.1.tgz?cache=0&sync_timestamp=1616463540350&other_urls=https%3A%2F%2Fregistry.npm.taobao.org%2Fsemver%2Fdownload%2Fsemver-5.7.1.tgz",
            "integrity": "sha1-qVT5Ma66UI0we78Gnv8MAclhFvc="
        },
        "side-channel": {
            "version": "1.0.4",
            "resolved": "https://registry.npm.taobao.org/side-channel/download/side-channel-1.0.4.tgz",
            "integrity": "sha1-785cj9wQTudRslxY1CkAEfpeos8=",
            "requires": {
                "call-bind": "^1.0.0",
                "get-intrinsic": "^1.0.2",
                "object-inspect": "^1.9.0"
            }
        },
        "sprintf-js": {
            "version": "1.0.3",
            "resolved": "https://registry.npm.taobao.org/sprintf-js/download/sprintf-js-1.0.3.tgz",
            "integrity": "sha1-BOaSb2YolTVPPdAVIDYzuFcpfiw="
        },
        "supports-color": {
            "version": "5.5.0",
            "resolved": "https://registry.nlark.com/supports-color/download/supports-color-5.5.0.tgz?cache=0&sync_timestamp=1622293579301&other_urls=https%3A%2F%2Fregistry.nlark.com%2Fsupports-color%2Fdownload%2Fsupports-color-5.5.0.tgz",
            "integrity": "sha1-4uaaRKyHcveKHsCzW2id9lMO/I8=",
            "requires": {
                "has-flag": "^3.0.0"
            }
        },
        "tmp": {
            "version": "0.0.29",
            "resolved": "https://registry.npm.taobao.org/tmp/download/tmp-0.0.29.tgz?cache=0&sync_timestamp=1592843137359&other_urls=https%3A%2F%2Fregistry.npm.taobao.org%2Ftmp%2Fdownload%2Ftmp-0.0.29.tgz",
            "integrity": "sha1-8lEl/w3Z2jzLDC3Tce4SiLuRKMA=",
            "requires": {
                "os-tmpdir": "~1.0.1"
            }
        },
        "tslib": {
            "version": "2.2.0",
            "resolved": "https://registry.nlark.com/tslib/download/tslib-2.2.0.tgz?cache=0&sync_timestamp=1618846758811&other_urls=https%3A%2F%2Fregistry.nlark.com%2Ftslib%2Fdownload%2Ftslib-2.2.0.tgz",
            "integrity": "sha1-+yxHWXfjXiQTEe3iaTzuHsZpj1w="
        },
        "tunnel": {
            "version": "0.0.6",
            "resolved": "https://registry.npm.taobao.org/tunnel/download/tunnel-0.0.6.tgz",
            "integrity": "sha1-cvExSzSlsZLbASMk3yzFh8pH+Sw="
        },
        "typed-rest-client": {
            "version": "1.8.4",
            "resolved": "https://registry.npm.taobao.org/typed-rest-client/download/typed-rest-client-1.8.4.tgz",
            "integrity": "sha1-uj+3iOW5MiVHQGOSUz8S1mClztY=",
            "requires": {
                "qs": "^6.9.1",
                "tunnel": "0.0.6",
                "underscore": "^1.12.1"
            }
        },
        "uc.micro": {
            "version": "1.0.6",
            "resolved": "https://registry.npm.taobao.org/uc.micro/download/uc.micro-1.0.6.tgz",
            "integrity": "sha1-nEEagCpAmpH8bPdAgbq6NLJEmaw="
        },
        "underscore": {
            "version": "1.13.1",
            "resolved": "https://registry.npm.taobao.org/underscore/download/underscore-1.13.1.tgz",
            "integrity": "sha1-DBxr0t9UtrafIxQGbWW2zeb8+dE="
        },
        "url-join": {
            "version": "1.1.0",
            "resolved": "https://registry.npm.taobao.org/url-join/download/url-join-1.1.0.tgz",
            "integrity": "sha1-dBxsL0WWxIMNZxhGCSDQySIC3Hg="
        },
        "vsce": {
            "version": "1.92.0",
            "resolved": "https://registry.nlark.com/vsce/download/vsce-1.92.0.tgz",
            "integrity": "sha1-+3l03CdSh+pSHhwPXnYkLnY+UeY=",
            "requires": {
                "azure-devops-node-api": "^10.2.2",
                "chalk": "^2.4.2",
                "cheerio": "^1.0.0-rc.9",
                "commander": "^6.1.0",
                "denodeify": "^1.2.1",
                "glob": "^7.0.6",
                "ignore": "^5.1.8",
                "leven": "^3.1.0",
                "lodash": "^4.17.15",
                "markdown-it": "^10.0.0",
                "mime": "^1.3.4",
                "osenv": "^0.1.3",
                "parse-semver": "^1.1.1",
                "read": "^1.0.7",
                "semver": "^5.1.0",
                "tmp": "0.0.29",
                "typed-rest-client": "^1.8.4",
                "url-join": "^1.1.0",
                "yauzl": "^2.3.1",
                "yazl": "^2.2.2"
            }
        },
        "wrappy": {
            "version": "1.0.2",
            "resolved": "https://registry.nlark.com/wrappy/download/wrappy-1.0.2.tgz?cache=0&sync_timestamp=1619133505879&other_urls=https%3A%2F%2Fregistry.nlark.com%2Fwrappy%2Fdownload%2Fwrappy-1.0.2.tgz",
            "integrity": "sha1-tSQ9jz7BqjXxNkYFvA0QNuMKtp8="
        },
        "yauzl": {
            "version": "2.10.0",
            "resolved": "https://registry.npm.taobao.org/yauzl/download/yauzl-2.10.0.tgz",
            "integrity": "sha1-x+sXyT4RLLEIb6bY5R+wZnt5pfk=",
            "requires": {
                "buffer-crc32": "~0.2.3",
                "fd-slicer": "~1.1.0"
            }
        },
        "yazl": {
            "version": "2.5.1",
            "resolved": "https://registry.npm.taobao.org/yazl/download/yazl-2.5.1.tgz",
            "integrity": "sha1-o9ZdPdZZpbCTeFDoYJ8i//orXDU=",
            "requires": {
                "buffer-crc32": "~0.2.3"
            }
        }
    }
}
